
Microsoft Visual Studio Solution File, Format Version 12.00
# Visual Studio Version 17
VisualStudioVersion = 17.9.34321.82
MinimumVisualStudioVersion = 10.0.40219.1
Project("{FAE04EC0-301F-11D3-BF4B-00C04F79EFBC}") = "IMSystems.Web", "IMSystems.Web\IMSystems.Web.csproj", "{D360CB68-796C-4C0F-9595-9514C6221B8A}"
EndProject
Global
	GlobalSection(SolutionConfigurationPlatforms) = preSolution
		Debug|Any CPU = Debug|Any CPU
		Release|Any CPU = Release|Any CPU
	EndGlobalSection
	GlobalSection(ProjectConfigurationPlatforms) = postSolution
		{D360CB68-796C-4C0F-9595-9514C6221B8A}.Debug|Any CPU.ActiveCfg = Debug|Any CPU
		{D360CB68-796C-4C0F-9595-9514C6221B8A}.Debug|Any CPU.Build.0 = Debug|Any CPU
		{D360CB68-796C-4C0F-9595-9514C6221B8A}.Release|Any CPU.ActiveCfg = Release|Any CPU
		{D360CB68-796C-4C0F-9595-9514C6221B8A}.Release|Any CPU.Build.0 = Release|Any CPU
	EndGlobalSection
	GlobalSection(SolutionProperties) = preSolution
		HideSolutionNode = FALSE
	EndGlobalSection
	GlobalSection(ExtensibilityGlobals) = postSolution
		SolutionGuid = {383DFC59-C447-48EB-9721-B6A286ADBC4F}
	EndGlobalSection
EndGlobal
