
Microsoft Visual Studio Solution File, Format Version 12.00
# Visual Studio Version 17
VisualStudioVersion = 17.9.34414.90
MinimumVisualStudioVersion = 10.0.40219.1
Project("{2150E333-8FDC-42A3-9474-1A3956D46DE8}") = "src", "src", "{8401EC20-3601-47AA-810A-0A6552484D49}"
EndProject
Project("{2150E333-8FDC-42A3-9474-1A3956D46DE8}") = "tests", "tests", "{12CF6A72-060F-4CA5-97A1-FF18BE296B13}"
EndProject
Project("{2150E333-8FDC-42A3-9474-1A3956D46DE8}") = "API", "API", "{D12CC829-3475-43DC-AF5F-FC1A14F84697}"
EndProject
Project("{2150E333-8FDC-42A3-9474-1A3956D46DE8}") = "Core", "Core", "{99D46943-34C7-48B1-AC5C-5718FD0ED5DD}"
EndProject
Project("{2150E333-8FDC-42A3-9474-1A3956D46DE8}") = "Infrastructure", "Infrastructure", "{78973805-B508-4C6E-9201-BE7286CA469A}"
EndProject
Project("{2150E333-8FDC-42A3-9474-1A3956D46DE8}") = "UI", "UI", "{73BBCD54-6886-4F7F-A6CB-CFAD840D31EC}"
EndProject
Project("{FAE04EC0-301F-11D3-BF4B-00C04F79EFBC}") = "TicketManagement.Domain", "src\Core\TicketManagement.Domain\TicketManagement.Domain.csproj", "{074EA4C4-8F9F-42A7-968A-E4787620D0FB}"
EndProject
Global
	GlobalSection(SolutionConfigurationPlatforms) = preSolution
		Debug|Any CPU = Debug|Any CPU
		Release|Any CPU = Release|Any CPU
	EndGlobalSection
	GlobalSection(ProjectConfigurationPlatforms) = postSolution
		{074EA4C4-8F9F-42A7-968A-E4787620D0FB}.Debug|Any CPU.ActiveCfg = Debug|Any CPU
		{074EA4C4-8F9F-42A7-968A-E4787620D0FB}.Debug|Any CPU.Build.0 = Debug|Any CPU
		{074EA4C4-8F9F-42A7-968A-E4787620D0FB}.Release|Any CPU.ActiveCfg = Release|Any CPU
		{074EA4C4-8F9F-42A7-968A-E4787620D0FB}.Release|Any CPU.Build.0 = Release|Any CPU
	EndGlobalSection
	GlobalSection(SolutionProperties) = preSolution
		HideSolutionNode = FALSE
	EndGlobalSection
	GlobalSection(NestedProjects) = preSolution
		{D12CC829-3475-43DC-AF5F-FC1A14F84697} = {8401EC20-3601-47AA-810A-0A6552484D49}
		{99D46943-34C7-48B1-AC5C-5718FD0ED5DD} = {8401EC20-3601-47AA-810A-0A6552484D49}
		{78973805-B508-4C6E-9201-BE7286CA469A} = {8401EC20-3601-47AA-810A-0A6552484D49}
		{73BBCD54-6886-4F7F-A6CB-CFAD840D31EC} = {8401EC20-3601-47AA-810A-0A6552484D49}
		{074EA4C4-8F9F-42A7-968A-E4787620D0FB} = {99D46943-34C7-48B1-AC5C-5718FD0ED5DD}
	EndGlobalSection
	GlobalSection(ExtensibilityGlobals) = postSolution
		SolutionGuid = {D9F4BE6B-2971-44F3-A0B5-AB6517D55B18}
	EndGlobalSection
EndGlobal
